
Microsoft Visual Studio Solution File, Format Version 12.00
# Visual Studio Version 16
VisualStudioVersion = 16.0.29409.12
MinimumVisualStudioVersion = 10.0.40219.1
Project("{FAE04EC0-301F-11D3-BF4B-00C04F79EFBC}") = "GeometryGenerator", "GeometryGenerator\GeometryGenerator.csproj", "{524816B5-E51E-4284-B74C-1C6B36D460C2}"
EndProject
Global
	GlobalSection(SolutionConfigurationPlatforms) = preSolution
		Debug|Any CPU = Debug|Any CPU
		Release|Any CPU = Release|Any CPU
	EndGlobalSection
	GlobalSection(ProjectConfigurationPlatforms) = postSolution
		{524816B5-E51E-4284-B74C-1C6B36D460C2}.Debug|Any CPU.ActiveCfg = Debug|Any CPU
		{524816B5-E51E-4284-B74C-1C6B36D460C2}.Debug|Any CPU.Build.0 = Debug|Any CPU
		{524816B5-E51E-4284-B74C-1C6B36D460C2}.Release|Any CPU.ActiveCfg = Release|Any CPU
		{524816B5-E51E-4284-B74C-1C6B36D460C2}.Release|Any CPU.Build.0 = Release|Any CPU
	EndGlobalSection
	GlobalSection(SolutionProperties) = preSolution
		HideSolutionNode = FALSE
	EndGlobalSection
	GlobalSection(ExtensibilityGlobals) = postSolution
		SolutionGuid = {E1B0D815-B146-4873-8E18-704B3C011644}
	EndGlobalSection
EndGlobal
